// !$*UTF8*$!
{
	archiveVersion = 1;
	classes = {
	};
	objectVersion = 50;
	objects = {

/* Begin PBXBuildFile section */
		BE16CE752140108A008CE0C4 /* AppDelegate.swift in Sources */ = {isa = PBXBuildFile; fileRef = BE16CE742140108A008CE0C4 /* AppDelegate.swift */; };
		BE16CE772140108A008CE0C4 /* ContainerViewController.swift in Sources */ = {isa = PBXBuildFile; fileRef = BE16CE762140108A008CE0C4 /* ContainerViewController.swift */; };
		BE16CE7A2140108A008CE0C4 /* Main.storyboard in Resources */ = {isa = PBXBuildFile; fileRef = BE16CE782140108A008CE0C4 /* Main.storyboard */; };
		BE16CE7C2140108C008CE0C4 /* Assets.xcassets in Resources */ = {isa = PBXBuildFile; fileRef = BE16CE7B2140108C008CE0C4 /* Assets.xcassets */; };
		BE16CE7F2140108C008CE0C4 /* LaunchScreen.storyboard in Resources */ = {isa = PBXBuildFile; fileRef = BE16CE7D2140108C008CE0C4 /* LaunchScreen.storyboard */; };
		BE16CE8A2140108C008CE0C4 /* LetTryEmbededSegueTests.swift in Sources */ = {isa = PBXBuildFile; fileRef = BE16CE892140108C008CE0C4 /* LetTryEmbededSegueTests.swift */; };
		BE16CE952140108C008CE0C4 /* LetTryEmbededSegueUITests.swift in Sources */ = {isa = PBXBuildFile; fileRef = BE16CE942140108C008CE0C4 /* LetTryEmbededSegueUITests.swift */; };
		BE16CEA321401115008CE0C4 /* FirstViewController.swift in Sources */ = {isa = PBXBuildFile; fileRef = BE16CEA221401115008CE0C4 /* FirstViewController.swift */; };
		BE16CEA52140111E008CE0C4 /* SecondViewController.swift in Sources */ = {isa = PBXBuildFile; fileRef = BE16CEA42140111E008CE0C4 /* SecondViewController.swift */; };
/* End PBXBuildFile section */

/* Begin PBXContainerItemProxy section */
		BE16CE862140108C008CE0C4 /* PBXContainerItemProxy */ = {
			isa = PBXContainerItemProxy;
			containerPortal = BE16CE692140108A008CE0C4 /* Project object */;
			proxyType = 1;
			remoteGlobalIDString = BE16CE702140108A008CE0C4;
			remoteInfo = LetTryEmbededSegue;
		};
		BE16CE912140108C008CE0C4 /* PBXContainerItemProxy */ = {
			isa = PBXContainerItemProxy;
			containerPortal = BE16CE692140108A008CE0C4 /* Project object */;
			proxyType = 1;
			remoteGlobalIDString = BE16CE702140108A008CE0C4;
			remoteInfo = LetTryEmbededSegue;
		};
/* End PBXContainerItemProxy section */

/* Begin PBXFileReference section */
		BE16CE712140108A008CE0C4 /* LetTryEmbededSegue.app */ = {isa = PBXFileReference; explicitFileType = wrapper.application; includeInIndex = 0; path = LetTryEmbededSegue.app; sourceTree = BUILT_PRODUCTS_DIR; };
		BE16CE742140108A008CE0C4 /* AppDelegate.swift */ = {isa = PBXFileReference; lastKnownFileType = sourcecode.swift; path = AppDelegate.swift; sourceTree = "<group>"; };
		BE16CE762140108A008CE0C4 /* ContainerViewController.swift */ = {isa = PBXFileReference; lastKnownFileType = sourcecode.swift; path = ContainerViewController.swift; sourceTree = "<group>"; };
		BE16CE792140108A008CE0C4 /* Base */ = {isa = PBXFileReference; lastKnownFileType = file.storyboard; name = Base; path = Base.lproj/Main.storyboard; sourceTree = "<group>"; };
		BE16CE7B2140108C008CE0C4 /* Assets.xcassets */ = {isa = PBXFileReference; lastKnownFileType = folder.assetcatalog; path = Assets.xcassets; sourceTree = "<group>"; };
		BE16CE7E2140108C008CE0C4 /* Base */ = {isa = PBXFileReference; lastKnownFileType = file.storyboard; name = Base; path = Base.lproj/LaunchScreen.storyboard; sourceTree = "<group>"; };
		BE16CE802140108C008CE0C4 /* Info.plist */ = {isa = PBXFileReference; lastKnownFileType = text.plist.xml; path = Info.plist; sourceTree = "<group>"; };
		BE16CE852140108C008CE0C4 /* LetTryEmbededSegueTests.xctest */ = {isa = PBXFileReference; explicitFileType = wrapper.cfbundle; includeInIndex = 0; path = LetTryEmbededSegueTests.xctest; sourceTree = BUILT_PRODUCTS_DIR; };
		BE16CE892140108C008CE0C4 /* LetTryEmbededSegueTests.swift */ = {isa = PBXFileReference; lastKnownFileType = sourcecode.swift; path = LetTryEmbededSegueTests.swift; sourceTree = "<group>"; };
		BE16CE8B2140108C008CE0C4 /* Info.plist */ = {isa = PBXFileReference; lastKnownFileType = text.plist.xml; path = Info.plist; sourceTree = "<group>"; };
		BE16CE902140108C008CE0C4 /* LetTryEmbededSegueUITests.xctest */ = {isa = PBXFileReference; explicitFileType = wrapper.cfbundle; includeInIndex = 0; path = LetTryEmbededSegueUITests.xctest; sourceTree = BUILT_PRODUCTS_DIR; };
		BE16CE942140108C008CE0C4 /* LetTryEmbededSegueUITests.swift */ = {isa = PBXFileReference; lastKnownFileType = sourcecode.swift; path = LetTryEmbededSegueUITests.swift; sourceTree = "<group>"; };
		BE16CE962140108C008CE0C4 /* Info.plist */ = {isa = PBXFileReference; lastKnownFileType = text.plist.xml; path = Info.plist; sourceTree = "<group>"; };
		BE16CEA221401115008CE0C4 /* FirstViewController.swift */ = {isa = PBXFileReference; lastKnownFileType = sourcecode.swift; path = FirstViewController.swift; sourceTree = "<group>"; };
		BE16CEA42140111E008CE0C4 /* SecondViewController.swift */ = {isa = PBXFileReference; lastKnownFileType = sourcecode.swift; path = SecondViewController.swift; sourceTree = "<group>"; };
/* End PBXFileReference section */

/* Begin PBXFrameworksBuildPhase section */
		BE16CE6E2140108A008CE0C4 /* Frameworks */ = {
			isa = PBXFrameworksBuildPhase;
			buildActionMask = 2147483647;
			files = (
			);
			runOnlyForDeploymentPostprocessing = 0;
		};
		BE16CE822140108C008CE0C4 /* Frameworks */ = {
			isa = PBXFrameworksBuildPhase;
			buildActionMask = 2147483647;
			files = (
			);
			runOnlyForDeploymentPostprocessing = 0;
		};
		BE16CE8D2140108C008CE0C4 /* Frameworks */ = {
			isa = PBXFrameworksBuildPhase;
			buildActionMask = 2147483647;
			files = (
			);
			runOnlyForDeploymentPostprocessing = 0;
		};
/* End PBXFrameworksBuildPhase section */

/* Begin PBXGroup section */
		BE16CE682140108A008CE0C4 = {
			isa = PBXGroup;
			children = (
				BE16CE732140108A008CE0C4 /* LetTryEmbededSegue */,
				BE16CE882140108C008CE0C4 /* LetTryEmbededSegueTests */,
				BE16CE932140108C008CE0C4 /* LetTryEmbededSegueUITests */,
				BE16CE722140108A008CE0C4 /* Products */,
			);
			sourceTree = "<group>";
		};
		BE16CE722140108A008CE0C4 /* Products */ = {
			isa = PBXGroup;
			children = (
				BE16CE712140108A008CE0C4 /* LetTryEmbededSegue.app */,
				BE16CE852140108C008CE0C4 /* LetTryEmbededSegueTests.xctest */,
				BE16CE902140108C008CE0C4 /* LetTryEmbededSegueUITests.xctest */,
			);
			name = Products;
			sourceTree = "<group>";
		};
		BE16CE732140108A008CE0C4 /* LetTryEmbededSegue */ = {
			isa = PBXGroup;
			children = (
				BE16CE742140108A008CE0C4 /* AppDelegate.swift */,
				BE16CE762140108A008CE0C4 /* ContainerViewController.swift */,
				BE16CE782140108A008CE0C4 /* Main.storyboard */,
				BE16CE7B2140108C008CE0C4 /* Assets.xcassets */,
				BE16CE7D2140108C008CE0C4 /* LaunchScreen.storyboard */,
				BE16CE802140108C008CE0C4 /* Info.plist */,
				BE16CEA221401115008CE0C4 /* FirstViewController.swift */,
				BE16CEA42140111E008CE0C4 /* SecondViewController.swift */,
			);
			path = LetTryEmbededSegue;
			sourceTree = "<group>";
		};
		BE16CE882140108C008CE0C4 /* LetTryEmbededSegueTests */ = {
			isa = PBXGroup;
			children = (
				BE16CE892140108C008CE0C4 /* LetTryEmbededSegueTests.swift */,
				BE16CE8B2140108C008CE0C4 /* Info.plist */,
			);
			path = LetTryEmbededSegueTests;
			sourceTree = "<group>";
		};
		BE16CE932140108C008CE0C4 /* LetTryEmbededSegueUITests */ = {
			isa = PBXGroup;
			children = (
				BE16CE942140108C008CE0C4 /* LetTryEmbededSegueUITests.swift */,
				BE16CE962140108C008CE0C4 /* Info.plist */,
			);
			path = LetTryEmbededSegueUITests;
			sourceTree = "<group>";
		};
/* End PBXGroup section */

/* Begin PBXNativeTarget section */
		BE16CE702140108A008CE0C4 /* LetTryEmbededSegue */ = {
			isa = PBXNativeTarget;
			buildConfigurationList = BE16CE992140108C008CE0C4 /* Build configuration list for PBXNativeTarget "LetTryEmbededSegue" */;
			buildPhases = (
				BE16CE6D2140108A008CE0C4 /* Sources */,
				BE16CE6E2140108A008CE0C4 /* Frameworks */,
				BE16CE6F2140108A008CE0C4 /* Resources */,
			);
			buildRules = (
			);
			dependencies = (
			);
			name = LetTryEmbededSegue;
			productName = LetTryEmbededSegue;
			productReference = BE16CE712140108A008CE0C4 /* LetTryEmbededSegue.app */;
			productType = "com.apple.product-type.application";
		};
		BE16CE842140108C008CE0C4 /* LetTryEmbededSegueTests */ = {
			isa = PBXNativeTarget;
			buildConfigurationList = BE16CE9C2140108C008CE0C4 /* Build configuration list for PBXNativeTarget "LetTryEmbededSegueTests" */;
			buildPhases = (
				BE16CE812140108C008CE0C4 /* Sources */,
				BE16CE822140108C008CE0C4 /* Frameworks */,
				BE16CE832140108C008CE0C4 /* Resources */,
			);
			buildRules = (
			);
			dependencies = (
				BE16CE872140108C008CE0C4 /* PBXTargetDependency */,
			);
			name = LetTryEmbededSegueTests;
			productName = LetTryEmbededSegueTests;
			productReference = BE16CE852140108C008CE0C4 /* LetTryEmbededSegueTests.xctest */;
			productType = "com.apple.product-type.bundle.unit-test";
		};
		BE16CE8F2140108C008CE0C4 /* LetTryEmbededSegueUITests */ = {
			isa = PBXNativeTarget;
			buildConfigurationList = BE16CE9F2140108C008CE0C4 /* Build configuration list for PBXNativeTarget "LetTryEmbededSegueUITests" */;
			buildPhases = (
				BE16CE8C2140108C008CE0C4 /* Sources */,
				BE16CE8D2140108C008CE0C4 /* Frameworks */,
				BE16CE8E2140108C008CE0C4 /* Resources */,
			);
			buildRules = (
			);
			dependencies = (
				BE16CE922140108C008CE0C4 /* PBXTargetDependency */,
			);
			name = LetTryEmbededSegueUITests;
			productName = LetTryEmbededSegueUITests;
			productReference = BE16CE902140108C008CE0C4 /* LetTryEmbededSegueUITests.xctest */;
			productType = "com.apple.product-type.bundle.ui-testing";
		};
/* End PBXNativeTarget section */

/* Begin PBXProject section */
		BE16CE692140108A008CE0C4 /* Project object */ = {
			isa = PBXProject;
			attributes = {
				LastSwiftUpdateCheck = 0940;
				LastUpgradeCheck = 0940;
				ORGANIZATIONNAME = "Nattapong Unaregul";
				TargetAttributes = {
					BE16CE702140108A008CE0C4 = {
						CreatedOnToolsVersion = 9.4.1;
					};
					BE16CE842140108C008CE0C4 = {
						CreatedOnToolsVersion = 9.4.1;
						TestTargetID = BE16CE702140108A008CE0C4;
					};
					BE16CE8F2140108C008CE0C4 = {
						CreatedOnToolsVersion = 9.4.1;
						TestTargetID = BE16CE702140108A008CE0C4;
					};
				};
			};
			buildConfigurationList = BE16CE6C2140108A008CE0C4 /* Build configuration list for PBXProject "LetTryEmbededSegue" */;
			compatibilityVersion = "Xcode 9.3";
			developmentRegion = en;
			hasScannedForEncodings = 0;
			knownRegions = (
				en,
				Base,
			);
			mainGroup = BE16CE682140108A008CE0C4;
			productRefGroup = BE16CE722140108A008CE0C4 /* Products */;
			projectDirPath = "";
			projectRoot = "";
			targets = (
				BE16CE702140108A008CE0C4 /* LetTryEmbededSegue */,
				BE16CE842140108C008CE0C4 /* LetTryEmbededSegueTests */,
				BE16CE8F2140108C008CE0C4 /* LetTryEmbededSegueUITests */,
			);
		};
/* End PBXProject section */

/* Begin PBXResourcesBuildPhase section */
		BE16CE6F2140108A008CE0C4 /* Resources */ = {
			isa = PBXResourcesBuildPhase;
			buildActionMask = 2147483647;
			files = (
				BE16CE7F2140108C008CE0C4 /* LaunchScreen.storyboard in Resources */,
				BE16CE7C2140108C008CE0C4 /* Assets.xcassets in Resources */,
				BE16CE7A2140108A008CE0C4 /* Main.storyboard in Resources */,
			);
			runOnlyForDeploymentPostprocessing = 0;
		};
		BE16CE832140108C008CE0C4 /* Resources */ = {
			isa = PBXResourcesBuildPhase;
			buildActionMask = 2147483647;
			files = (
			);
			runOnlyForDeploymentPostprocessing = 0;
		};
		BE16CE8E2140108C008CE0C4 /* Resources */ = {
			isa = PBXResourcesBuildPhase;
			buildActionMask = 2147483647;
			files = (
			);
			runOnlyForDeploymentPostprocessing = 0;
		};
/* End PBXResourcesBuildPhase section */

/* Begin PBXSourcesBuildPhase section */
		BE16CE6D2140108A008CE0C4 /* Sources */ = {
			isa = PBXSourcesBuildPhase;
			buildActionMask = 2147483647;
			files = (
				BE16CEA52140111E008CE0C4 /* SecondViewController.swift in Sources */,
				BE16CEA321401115008CE0C4 /* FirstViewController.swift in Sources */,
				BE16CE772140108A008CE0C4 /* ContainerViewController.swift in Sources */,
				BE16CE752140108A008CE0C4 /* AppDelegate.swift in Sources */,
			);
			runOnlyForDeploymentPostprocessing = 0;
		};
		BE16CE812140108C008CE0C4 /* Sources */ = {
			isa = PBXSourcesBuildPhase;
			buildActionMask = 2147483647;
			files = (
				BE16CE8A2140108C008CE0C4 /* LetTryEmbededSegueTests.swift in Sources */,
			);
			runOnlyForDeploymentPostprocessing = 0;
		};
		BE16CE8C2140108C008CE0C4 /* Sources */ = {
			isa = PBXSourcesBuildPhase;
			buildActionMask = 2147483647;
			files = (
				BE16CE952140108C008CE0C4 /* LetTryEmbededSegueUITests.swift in Sources */,
			);
			runOnlyForDeploymentPostprocessing = 0;
		};
/* End PBXSourcesBuildPhase section */

/* Begin PBXTargetDependency section */
		BE16CE872140108C008CE0C4 /* PBXTargetDependency */ = {
			isa = PBXTargetDependency;
			target = BE16CE702140108A008CE0C4 /* LetTryEmbededSegue */;
			targetProxy = BE16CE862140108C008CE0C4 /* PBXContainerItemProxy */;
		};
		BE16CE922140108C008CE0C4 /* PBXTargetDependency */ = {
			isa = PBXTargetDependency;
			target = BE16CE702140108A008CE0C4 /* LetTryEmbededSegue */;
			targetProxy = BE16CE912140108C008CE0C4 /* PBXContainerItemProxy */;
		};
/* End PBXTargetDependency section */

/* Begin PBXVariantGroup section */
		BE16CE782140108A008CE0C4 /* Main.storyboard */ = {
			isa = PBXVariantGroup;
			children = (
				BE16CE792140108A008CE0C4 /* Base */,
			);
			name = Main.storyboard;
			sourceTree = "<group>";
		};
		BE16CE7D2140108C008CE0C4 /* LaunchScreen.storyboard */ = {
			isa = PBXVariantGroup;
			children = (
				BE16CE7E2140108C008CE0C4 /* Base */,
			);
			name = LaunchScreen.storyboard;
			sourceTree = "<group>";
		};
/* End PBXVariantGroup section */

/* Begin XCBuildConfiguration section */
		BE16CE972140108C008CE0C4 /* Debug */ = {
			isa = XCBuildConfiguration;
			buildSettings = {
				ALWAYS_SEARCH_USER_PATHS = NO;
				CLANG_ANALYZER_NONNULL = YES;
				CLANG_ANALYZER_NUMBER_OBJECT_CONVERSION = YES_AGGRESSIVE;
				CLANG_CXX_LANGUAGE_STANDARD = "gnu++14";
				CLANG_CXX_LIBRARY = "libc++";
				CLANG_ENABLE_MODULES = YES;
				CLANG_ENABLE_OBJC_ARC = YES;
				CLANG_ENABLE_OBJC_WEAK = YES;
				CLANG_WARN_BLOCK_CAPTURE_AUTORELEASING = YES;
				CLANG_WARN_BOOL_CONVERSION = YES;
				CLANG_WARN_COMMA = YES;
				CLANG_WARN_CONSTANT_CONVERSION = YES;
				CLANG_WARN_DEPRECATED_OBJC_IMPLEMENTATIONS = YES;
				CLANG_WARN_DIRECT_OBJC_ISA_USAGE = YES_ERROR;
				CLANG_WARN_DOCUMENTATION_COMMENTS = YES;
				CLANG_WARN_EMPTY_BODY = YES;
				CLANG_WARN_ENUM_CONVERSION = YES;
				CLANG_WARN_INFINITE_RECURSION = YES;
				CLANG_WARN_INT_CONVERSION = YES;
				CLANG_WARN_NON_LITERAL_NULL_CONVERSION = YES;
				CLANG_WARN_OBJC_IMPLICIT_RETAIN_SELF = YES;
				CLANG_WARN_OBJC_LITERAL_CONVERSION = YES;
				CLANG_WARN_OBJC_ROOT_CLASS = YES_ERROR;
				CLANG_WARN_RANGE_LOOP_ANALYSIS = YES;
				CLANG_WARN_STRICT_PROTOTYPES = YES;
				CLANG_WARN_SUSPICIOUS_MOVE = YES;
				CLANG_WARN_UNGUARDED_AVAILABILITY = YES_AGGRESSIVE;
				CLANG_WARN_UNREACHABLE_CODE = YES;
				CLANG_WARN__DUPLICATE_METHOD_MATCH = YES;
				CODE_SIGN_IDENTITY = "iPhone Developer";
				COPY_PHASE_STRIP = NO;
				DEBUG_INFORMATION_FORMAT = dwarf;
				ENABLE_STRICT_OBJC_MSGSEND = YES;
				ENABLE_TESTABILITY = YES;
				GCC_C_LANGUAGE_STANDARD = gnu11;
				GCC_DYNAMIC_NO_PIC = NO;
				GCC_NO_COMMON_BLOCKS = YES;
				GCC_OPTIMIZATION_LEVEL = 0;
				GCC_PREPROCESSOR_DEFINITIONS = (
					"DEBUG=1",
					"$(inherited)",
				);
				GCC_WARN_64_TO_32_BIT_CONVERSION = YES;
				GCC_WARN_ABOUT_RETURN_TYPE = YES_ERROR;
				GCC_WARN_UNDECLARED_SELECTOR = YES;
				GCC_WARN_UNINITIALIZED_AUTOS = YES_AGGRESSIVE;
				GCC_WARN_UNUSED_FUNCTION = YES;
				GCC_WARN_UNUSED_VARIABLE = YES;
				IPHONEOS_DEPLOYMENT_TARGET = 11.4;
				MTL_ENABLE_DEBUG_INFO = YES;
				ONLY_ACTIVE_ARCH = YES;
				SDKROOT = iphoneos;
				SWIFT_ACTIVE_COMPILATION_CONDITIONS = DEBUG;
				SWIFT_OPTIMIZATION_LEVEL = "-Onone";
			};
			name = Debug;
		};
		BE16CE982140108C008CE0C4 /* Release */ = {
			isa = XCBuildConfiguration;
			buildSettings = {
				ALWAYS_SEARCH_USER_PATHS = NO;
				CLANG_ANALYZER_NONNULL = YES;
				CLANG_ANALYZER_NUMBER_OBJECT_CONVERSION = YES_AGGRESSIVE;
				CLANG_CXX_LANGUAGE_STANDARD = "gnu++14";
				CLANG_CXX_LIBRARY = "libc++";
				CLANG_ENABLE_MODULES = YES;
				CLANG_ENABLE_OBJC_ARC = YES;
				CLANG_ENABLE_OBJC_WEAK = YES;
				CLANG_WARN_BLOCK_CAPTURE_AUTORELEASING = YES;
				CLANG_WARN_BOOL_CONVERSION = YES;
				CLANG_WARN_COMMA = YES;
				CLANG_WARN_CONSTANT_CONVERSION = YES;
				CLANG_WARN_DEPRECATED_OBJC_IMPLEMENTATIONS = YES;
				CLANG_WARN_DIRECT_OBJC_ISA_USAGE = YES_ERROR;
				CLANG_WARN_DOCUMENTATION_COMMENTS = YES;
				CLANG_WARN_EMPTY_BODY = YES;
				CLANG_WARN_ENUM_CONVERSION = YES;
				CLANG_WARN_INFINITE_RECURSION = YES;
				CLANG_WARN_INT_CONVERSION = YES;
				CLANG_WARN_NON_LITERAL_NULL_CONVERSION = YES;
				CLANG_WARN_OBJC_IMPLICIT_RETAIN_SELF = YES;
				CLANG_WARN_OBJC_LITERAL_CONVERSION = YES;
				CLANG_WARN_OBJC_ROOT_CLASS = YES_ERROR;
				CLANG_WARN_RANGE_LOOP_ANALYSIS = YES;
				CLANG_WARN_STRICT_PROTOTYPES = YES;
				CLANG_WARN_SUSPICIOUS_MOVE = YES;
				CLANG_WARN_UNGUARDED_AVAILABILITY = YES_AGGRESSIVE;
				CLANG_WARN_UNREACHABLE_CODE = YES;
				CLANG_WARN__DUPLICATE_METHOD_MATCH = YES;
				CODE_SIGN_IDENTITY = "iPhone Developer";
				COPY_PHASE_STRIP = NO;
				DEBUG_INFORMATION_FORMAT = "dwarf-with-dsym";
				ENABLE_NS_ASSERTIONS = NO;
				ENABLE_STRICT_OBJC_MSGSEND = YES;
				GCC_C_LANGUAGE_STANDARD = gnu11;
				GCC_NO_COMMON_BLOCKS = YES;
				GCC_WARN_64_TO_32_BIT_CONVERSION = YES;
				GCC_WARN_ABOUT_RETURN_TYPE = YES_ERROR;
				GCC_WARN_UNDECLARED_SELECTOR = YES;
				GCC_WARN_UNINITIALIZED_AUTOS = YES_AGGRESSIVE;
				GCC_WARN_UNUSED_FUNCTION = YES;
				GCC_WARN_UNUSED_VARIABLE = YES;
				IPHONEOS_DEPLOYMENT_TARGET = 11.4;
				MTL_ENABLE_DEBUG_INFO = NO;
				SDKROOT = iphoneos;
				SWIFT_COMPILATION_MODE = wholemodule;
				SWIFT_OPTIMIZATION_LEVEL = "-O";
				VALIDATE_PRODUCT = YES;
			};
			name = Release;
		};
		BE16CE9A2140108C008CE0C4 /* Debug */ = {
			isa = XCBuildConfiguration;
			buildSettings = {
				ASSETCATALOG_COMPILER_APPICON_NAME = AppIcon;
				CODE_SIGN_STYLE = Automatic;
				DEVELOPMENT_TEAM = ZBV8F4XFXT;
				INFOPLIST_FILE = LetTryEmbededSegue/Info.plist;
				LD_RUNPATH_SEARCH_PATHS = (
					"$(inherited)",
					"@executable_path/Frameworks",
				);
				PRODUCT_BUNDLE_IDENTIFIER = com.To.LetTryEmbededSegue;
				PRODUCT_NAME = "$(TARGET_NAME)";
				SWIFT_VERSION = 4.0;
				TARGETED_DEVICE_FAMILY = "1,2";
			};
			name = Debug;
		};
		BE16CE9B2140108C008CE0C4 /* Release */ = {
			isa = XCBuildConfiguration;
			buildSettings = {
				ASSETCATALOG_COMPILER_APPICON_NAME = AppIcon;
				CODE_SIGN_STYLE = Automatic;
				DEVELOPMENT_TEAM = ZBV8F4XFXT;
				INFOPLIST_FILE = LetTryEmbededSegue/Info.plist;
				LD_RUNPATH_SEARCH_PATHS = (
					"$(inherited)",
					"@executable_path/Frameworks",
				);
				PRODUCT_BUNDLE_IDENTIFIER = com.To.LetTryEmbededSegue;
				PRODUCT_NAME = "$(TARGET_NAME)";
				SWIFT_VERSION = 4.0;
				TARGETED_DEVICE_FAMILY = "1,2";
			};
			name = Release;
		};
		BE16CE9D2140108C008CE0C4 /* Debug */ = {
			isa = XCBuildConfiguration;
			buildSettings = {
				ALWAYS_EMBED_SWIFT_STANDARD_LIBRARIES = YES;
				BUNDLE_LOADER = "$(TEST_HOST)";
				CODE_SIGN_STYLE = Automatic;
				DEVELOPMENT_TEAM = ZBV8F4XFXT;
				INFOPLIST_FILE = LetTryEmbededSegueTests/Info.plist;
				LD_RUNPATH_SEARCH_PATHS = (
					"$(inherited)",
					"@executable_path/Frameworks",
					"@loader_path/Frameworks",
				);
				PRODUCT_BUNDLE_IDENTIFIER = com.To.LetTryEmbededSegueTests;
				PRODUCT_NAME = "$(TARGET_NAME)";
				SWIFT_VERSION = 4.0;
				TARGETED_DEVICE_FAMILY = "1,2";
				TEST_HOST = "$(BUILT_PRODUCTS_DIR)/LetTryEmbededSegue.app/LetTryEmbededSegue";
			};
			name = Debug;
		};
		BE16CE9E2140108C008CE0C4 /* Release */ = {
			isa = XCBuildConfiguration;
			buildSettings = {
				ALWAYS_EMBED_SWIFT_STANDARD_LIBRARIES = YES;
				BUNDLE_LOADER = "$(TEST_HOST)";
				CODE_SIGN_STYLE = Automatic;
				DEVELOPMENT_TEAM = ZBV8F4XFXT;
				INFOPLIST_FILE = LetTryEmbededSegueTests/Info.plist;
				LD_RUNPATH_SEARCH_PATHS = (
					"$(inherited)",
					"@executable_path/Frameworks",
					"@loader_path/Frameworks",
				);
				PRODUCT_BUNDLE_IDENTIFIER = com.To.LetTryEmbededSegueTests;
				PRODUCT_NAME = "$(TARGET_NAME)";
				SWIFT_VERSION = 4.0;
				TARGETED_DEVICE_FAMILY = "1,2";
				TEST_HOST = "$(BUILT_PRODUCTS_DIR)/LetTryEmbededSegue.app/LetTryEmbededSegue";
			};
			name = Release;
		};
		BE16CEA02140108C008CE0C4 /* Debug */ = {
			isa = XCBuildConfiguration;
			buildSettings = {
				ALWAYS_EMBED_SWIFT_STANDARD_LIBRARIES = YES;
				CODE_SIGN_STYLE = Automatic;
				DEVELOPMENT_TEAM = ZBV8F4XFXT;
				INFOPLIST_FILE = LetTryEmbededSegueUITests/Info.plist;
				LD_RUNPATH_SEARCH_PATHS = (
					"$(inherited)",
					"@executable_path/Frameworks",
					"@loader_path/Frameworks",
				);
				PRODUCT_BUNDLE_IDENTIFIER = com.To.LetTryEmbededSegueUITests;
				PRODUCT_NAME = "$(TARGET_NAME)";
				SWIFT_VERSION = 4.0;
				TARGETED_DEVICE_FAMILY = "1,2";
				TEST_TARGET_NAME = LetTryEmbededSegue;
			};
			name = Debug;
		};
		BE16CEA12140108C008CE0C4 /* Release */ = {
			isa = XCBuildConfiguration;
			buildSettings = {
				ALWAYS_EMBED_SWIFT_STANDARD_LIBRARIES = YES;
				CODE_SIGN_STYLE = Automatic;
				DEVELOPMENT_TEAM = ZBV8F4XFXT;
				INFOPLIST_FILE = LetTryEmbededSegueUITests/Info.plist;
				LD_RUNPATH_SEARCH_PATHS = (
					"$(inherited)",
					"@executable_path/Frameworks",
					"@loader_path/Frameworks",
				);
				PRODUCT_BUNDLE_IDENTIFIER = com.To.LetTryEmbededSegueUITests;
				PRODUCT_NAME = "$(TARGET_NAME)";
				SWIFT_VERSION = 4.0;
				TARGETED_DEVICE_FAMILY = "1,2";
				TEST_TARGET_NAME = LetTryEmbededSegue;
			};
			name = Release;
		};
/* End XCBuildConfiguration section */

/* Begin XCConfigurationList section */
		BE16CE6C2140108A008CE0C4 /* Build configuration list for PBXProject "LetTryEmbededSegue" */ = {
			isa = XCConfigurationList;
			buildConfigurations = (
				BE16CE972140108C008CE0C4 /* Debug */,
				BE16CE982140108C008CE0C4 /* Release */,
			);
			defaultConfigurationIsVisible = 0;
			defaultConfigurationName = Release;
		};
		BE16CE992140108C008CE0C4 /* Build configuration list for PBXNativeTarget "LetTryEmbededSegue" */ = {
			isa = XCConfigurationList;
			buildConfigurations = (
				BE16CE9A2140108C008CE0C4 /* Debug */,
				BE16CE9B2140108C008CE0C4 /* Release */,
			);
			defaultConfigurationIsVisible = 0;
			defaultConfigurationName = Release;
		};
		BE16CE9C2140108C008CE0C4 /* Build configuration list for PBXNativeTarget "LetTryEmbededSegueTests" */ = {
			isa = XCConfigurationList;
			buildConfigurations = (
				BE16CE9D2140108C008CE0C4 /* Debug */,
				BE16CE9E2140108C008CE0C4 /* Release */,
			);
			defaultConfigurationIsVisible = 0;
			defaultConfigurationName = Release;
		};
		BE16CE9F2140108C008CE0C4 /* Build configuration list for PBXNativeTarget "LetTryEmbededSegueUITests" */ = {
			isa = XCConfigurationList;
			buildConfigurations = (
				BE16CEA02140108C008CE0C4 /* Debug */,
				BE16CEA12140108C008CE0C4 /* Release */,
			);
			defaultConfigurationIsVisible = 0;
			defaultConfigurationName = Release;
		};
/* End XCConfigurationList section */
	};
	rootObject = BE16CE692140108A008CE0C4 /* Project object */;
}
